
Microsoft Visual Studio Solution File, Format Version 12.00
# Visual Studio Version 17
VisualStudioVersion = 17.14.36705.20
MinimumVisualStudioVersion = 10.0.40219.1
Project("{FAE04EC0-301F-11D3-BF4B-00C04F79EFBC}") = "ip-connect", "ip-connect.csproj", "{138ACDF3-CAC1-4F03-AF6B-FD714E14504E}"
EndProject
Project("{FAE04EC0-301F-11D3-BF4B-00C04F79EFBC}") = "ip-connect.Tests", "ip-connect.Tests\ip-connect.Tests.csproj", "{D8B88E1D-D672-4966-B96B-34515BD3F6CF}"
EndProject
Project("{2150E333-8FDC-42A3-9474-1A3956D46DE8}") = "tests", "tests", "{0AB3BF05-4346-4AA6-1389-037BE0695223}"
EndProject
Project("{FAE04EC0-301F-11D3-BF4B-00C04F79EFBC}") = "ip-connect.Tests", "tests\ip-connect.Tests\ip-connect.Tests.csproj", "{ED0F9AB0-CDC4-4A0C-B92C-1FCA98CB5BC8}"
EndProject
Global
	GlobalSection(SolutionConfigurationPlatforms) = preSolution
		Debug|Any CPU = Debug|Any CPU
		Debug|x64 = Debug|x64
		Debug|x86 = Debug|x86
		Release|Any CPU = Release|Any CPU
		Release|x64 = Release|x64
		Release|x86 = Release|x86
	EndGlobalSection
	GlobalSection(ProjectConfigurationPlatforms) = postSolution
		{138ACDF3-CAC1-4F03-AF6B-FD714E14504E}.Debug|Any CPU.ActiveCfg = Debug|Any CPU
		{138ACDF3-CAC1-4F03-AF6B-FD714E14504E}.Debug|Any CPU.Build.0 = Debug|Any CPU
		{138ACDF3-CAC1-4F03-AF6B-FD714E14504E}.Debug|x64.ActiveCfg = Debug|Any CPU
		{138ACDF3-CAC1-4F03-AF6B-FD714E14504E}.Debug|x64.Build.0 = Debug|Any CPU
		{138ACDF3-CAC1-4F03-AF6B-FD714E14504E}.Debug|x86.ActiveCfg = Debug|Any CPU
		{138ACDF3-CAC1-4F03-AF6B-FD714E14504E}.Debug|x86.Build.0 = Debug|Any CPU
		{138ACDF3-CAC1-4F03-AF6B-FD714E14504E}.Release|Any CPU.ActiveCfg = Release|Any CPU
		{138ACDF3-CAC1-4F03-AF6B-FD714E14504E}.Release|Any CPU.Build.0 = Release|Any CPU
		{138ACDF3-CAC1-4F03-AF6B-FD714E14504E}.Release|x64.ActiveCfg = Release|Any CPU
		{138ACDF3-CAC1-4F03-AF6B-FD714E14504E}.Release|x64.Build.0 = Release|Any CPU
		{138ACDF3-CAC1-4F03-AF6B-FD714E14504E}.Release|x86.ActiveCfg = Release|Any CPU
		{138ACDF3-CAC1-4F03-AF6B-FD714E14504E}.Release|x86.Build.0 = Release|Any CPU
		{D8B88E1D-D672-4966-B96B-34515BD3F6CF}.Debug|Any CPU.ActiveCfg = Debug|Any CPU
		{D8B88E1D-D672-4966-B96B-34515BD3F6CF}.Debug|Any CPU.Build.0 = Debug|Any CPU
		{D8B88E1D-D672-4966-B96B-34515BD3F6CF}.Debug|x64.ActiveCfg = Debug|Any CPU
		{D8B88E1D-D672-4966-B96B-34515BD3F6CF}.Debug|x64.Build.0 = Debug|Any CPU
		{D8B88E1D-D672-4966-B96B-34515BD3F6CF}.Debug|x86.ActiveCfg = Debug|Any CPU
		{D8B88E1D-D672-4966-B96B-34515BD3F6CF}.Debug|x86.Build.0 = Debug|Any CPU
		{D8B88E1D-D672-4966-B96B-34515BD3F6CF}.Release|Any CPU.ActiveCfg = Release|Any CPU
		{D8B88E1D-D672-4966-B96B-34515BD3F6CF}.Release|Any CPU.Build.0 = Release|Any CPU
		{D8B88E1D-D672-4966-B96B-34515BD3F6CF}.Release|x64.ActiveCfg = Release|Any CPU
		{D8B88E1D-D672-4966-B96B-34515BD3F6CF}.Release|x64.Build.0 = Release|Any CPU
		{D8B88E1D-D672-4966-B96B-34515BD3F6CF}.Release|x86.ActiveCfg = Release|Any CPU
		{D8B88E1D-D672-4966-B96B-34515BD3F6CF}.Release|x86.Build.0 = Release|Any CPU
		{ED0F9AB0-CDC4-4A0C-B92C-1FCA98CB5BC8}.Debug|Any CPU.ActiveCfg = Debug|Any CPU
		{ED0F9AB0-CDC4-4A0C-B92C-1FCA98CB5BC8}.Debug|Any CPU.Build.0 = Debug|Any CPU
		{ED0F9AB0-CDC4-4A0C-B92C-1FCA98CB5BC8}.Debug|x64.ActiveCfg = Debug|Any CPU
		{ED0F9AB0-CDC4-4A0C-B92C-1FCA98CB5BC8}.Debug|x64.Build.0 = Debug|Any CPU
		{ED0F9AB0-CDC4-4A0C-B92C-1FCA98CB5BC8}.Debug|x86.ActiveCfg = Debug|Any CPU
		{ED0F9AB0-CDC4-4A0C-B92C-1FCA98CB5BC8}.Debug|x86.Build.0 = Debug|Any CPU
		{ED0F9AB0-CDC4-4A0C-B92C-1FCA98CB5BC8}.Release|Any CPU.ActiveCfg = Release|Any CPU
		{ED0F9AB0-CDC4-4A0C-B92C-1FCA98CB5BC8}.Release|Any CPU.Build.0 = Release|Any CPU
		{ED0F9AB0-CDC4-4A0C-B92C-1FCA98CB5BC8}.Release|x64.ActiveCfg = Release|Any CPU
		{ED0F9AB0-CDC4-4A0C-B92C-1FCA98CB5BC8}.Release|x64.Build.0 = Release|Any CPU
		{ED0F9AB0-CDC4-4A0C-B92C-1FCA98CB5BC8}.Release|x86.ActiveCfg = Release|Any CPU
		{ED0F9AB0-CDC4-4A0C-B92C-1FCA98CB5BC8}.Release|x86.Build.0 = Release|Any CPU
	EndGlobalSection
	GlobalSection(SolutionProperties) = preSolution
		HideSolutionNode = FALSE
	EndGlobalSection
	GlobalSection(NestedProjects) = preSolution
		{ED0F9AB0-CDC4-4A0C-B92C-1FCA98CB5BC8} = {0AB3BF05-4346-4AA6-1389-037BE0695223}
	EndGlobalSection
	GlobalSection(ExtensibilityGlobals) = postSolution
		SolutionGuid = {46427F05-65C3-4B65-882E-3FA2C5F12751}
	EndGlobalSection
EndGlobal
